
Microsoft Visual Studio Solution File, Format Version 12.00
# Visual Studio Version 17
VisualStudioVersion = 17.0.31903.59
MinimumVisualStudioVersion = 10.0.40219.1
Project("{2150E333-8FDC-42A3-9474-1A3956D46DE8}") = "src", "src", "{BEDBA712-E565-4A30-966E-8F6F2A64871C}"
EndProject
Project("{FAE04EC0-301F-11D3-BF4B-00C04F79EFBC}") = "TodoAPI", "src\TodoAPI\TodoAPI.csproj", "{0A406639-A482-439B-9D6F-38F939C19A4D}"
EndProject
Project("{2150E333-8FDC-42A3-9474-1A3956D46DE8}") = "test", "test", "{F7C3CEAA-E944-4592-822E-B494F6DBD98C}"
EndProject
Project("{FAE04EC0-301F-11D3-BF4B-00C04F79EFBC}") = "TodoAPI.Tests", "test\TodoAPI.Tests\TodoAPI.Tests.csproj", "{089A4916-6BEC-48DF-9228-B60AFC8A156F}"
EndProject
Global
	GlobalSection(SolutionConfigurationPlatforms) = preSolution
		Debug|Any CPU = Debug|Any CPU
		Release|Any CPU = Release|Any CPU
	EndGlobalSection
	GlobalSection(SolutionProperties) = preSolution
		HideSolutionNode = FALSE
	EndGlobalSection
	GlobalSection(ProjectConfigurationPlatforms) = postSolution
		{0A406639-A482-439B-9D6F-38F939C19A4D}.Debug|Any CPU.ActiveCfg = Debug|Any CPU
		{0A406639-A482-439B-9D6F-38F939C19A4D}.Debug|Any CPU.Build.0 = Debug|Any CPU
		{0A406639-A482-439B-9D6F-38F939C19A4D}.Release|Any CPU.ActiveCfg = Release|Any CPU
		{0A406639-A482-439B-9D6F-38F939C19A4D}.Release|Any CPU.Build.0 = Release|Any CPU
		{089A4916-6BEC-48DF-9228-B60AFC8A156F}.Debug|Any CPU.ActiveCfg = Debug|Any CPU
		{089A4916-6BEC-48DF-9228-B60AFC8A156F}.Debug|Any CPU.Build.0 = Debug|Any CPU
		{089A4916-6BEC-48DF-9228-B60AFC8A156F}.Release|Any CPU.ActiveCfg = Release|Any CPU
		{089A4916-6BEC-48DF-9228-B60AFC8A156F}.Release|Any CPU.Build.0 = Release|Any CPU
	EndGlobalSection
	GlobalSection(NestedProjects) = preSolution
		{0A406639-A482-439B-9D6F-38F939C19A4D} = {BEDBA712-E565-4A30-966E-8F6F2A64871C}
		{089A4916-6BEC-48DF-9228-B60AFC8A156F} = {F7C3CEAA-E944-4592-822E-B494F6DBD98C}
	EndGlobalSection
EndGlobal
